github.com/dnsge/twitch-eventsub-bindings v0.0.0-20211003235632-56a22f989c68 h1:7TZUGi3mG2fyLGQAL/pa0qFGOYYjloypDB4suJHebAM=
github.com/dnsge/twitch-eventsub-bindings v0.0.0-20211003235632-56a22f989c68/go.mod h1:Zbj+TpgcdNu4Gj6+6KG/+A7EvWMDbzQ+UGm35P918pc=
github.com/mozillazg/go-httpheader v0.3.0 h1:3brX5z8HTH+0RrNA1362Rc3HsaxyWEKtGY45YrhuINM=
github.com/mozillazg/go-httpheader v0.3.0/go.mod h1:PuT8h0pw6efvp8ZeUec1Rs7dwjK08bt6gKSReGMqtdA=
